{
  "name": "acd-l5x-js-poc",
  "version": "0.1.0",
  "lockfileVersion": 3,
  "requires": true,
  "packages": {
    "": {
      "name": "acd-l5x-js-poc",
      "version": "0.1.0",
      "license": "ISC",
      "dependencies": {
        "kaitai-struct": "^0.11.0"
      }
    },
    "node_modules/kaitai-struct": {
      "version": "0.11.0",
      "resolved": "https://registry.npmjs.org/kaitai-struct/-/kaitai-struct-0.11.0.tgz",
      "integrity": "sha512-fcBvQONhZlM/dhrafsLAR9eboaQxYUJ8lEsl8EnWjqY0bs9GkIFNMUcMjKAk4oVz/Ik/OzhqIKjpQkawa28RIw==",
      "license": "Apache-2.0"
    }
  }
}
